// !$*UTF8*$!
{
	archiveVersion = 1;
	classes = {
	};
	objectVersion = 46;
	objects = {

/* Begin PBXBuildFile section */
		476DE21C1D56D71E00FD0A03 /* main.cpp in Sources */ = {isa = PBXBuildFile; fileRef = 476DE21B1D56D71E00FD0A03 /* main.cpp */; };
		476DE2231D570BD000FD0A03 /* test.cpp in Sources */ = {isa = PBXBuildFile; fileRef = 476DE2221D570BD000FD0A03 /* test.cpp */; };
/* End PBXBuildFile section */

/* Begin PBXCopyFilesBuildPhase section */
		476DE2161D56D71E00FD0A03 /* CopyFiles */ = {
			isa = PBXCopyFilesBuildPhase;
			buildActionMask = 2147483647;
			dstPath = /usr/share/man/man1/;
			dstSubfolderSpec = 0;
			files = (
			);
			runOnlyForDeploymentPostprocessing = 1;
		};
/* End PBXCopyFilesBuildPhase section */

/* Begin PBXFileReference section */
		476DE2181D56D71E00FD0A03 /* Balloon_Tracking */ = {isa = PBXFileReference; explicitFileType = "compiled.mach-o.executable"; includeInIndex = 0; path = Balloon_Tracking; sourceTree = BUILT_PRODUCTS_DIR; };
		476DE21B1D56D71E00FD0A03 /* main.cpp */ = {isa = PBXFileReference; lastKnownFileType = sourcecode.cpp.cpp; path = main.cpp; sourceTree = "<group>"; };
		476DE2221D570BD000FD0A03 /* test.cpp */ = {isa = PBXFileReference; fileEncoding = 4; lastKnownFileType = sourcecode.cpp.cpp; path = test.cpp; sourceTree = "<group>"; };
/* End PBXFileReference section */

/* Begin PBXFrameworksBuildPhase section */
		476DE2151D56D71E00FD0A03 /* Frameworks */ = {
			isa = PBXFrameworksBuildPhase;
			buildActionMask = 2147483647;
			files = (
			);
			runOnlyForDeploymentPostprocessing = 0;
		};
/* End PBXFrameworksBuildPhase section */

/* Begin PBXGroup section */
		476DE20F1D56D71E00FD0A03 = {
			isa = PBXGroup;
			children = (
				476DE21A1D56D71E00FD0A03 /* Balloon_Tracking */,
				476DE2191D56D71E00FD0A03 /* Products */,
			);
			sourceTree = "<group>";
		};
		476DE2191D56D71E00FD0A03 /* Products */ = {
			isa = PBXGroup;
			children = (
				476DE2181D56D71E00FD0A03 /* Balloon_Tracking */,
			);
			name = Products;
			sourceTree = "<group>";
		};
		476DE21A1D56D71E00FD0A03 /* Balloon_Tracking */ = {
			isa = PBXGroup;
			children = (
				476DE21B1D56D71E00FD0A03 /* main.cpp */,
				476DE2221D570BD000FD0A03 /* test.cpp */,
			);
			path = Balloon_Tracking;
			sourceTree = "<group>";
		};
/* End PBXGroup section */

/* Begin PBXNativeTarget section */
		476DE2171D56D71E00FD0A03 /* Balloon_Tracking */ = {
			isa = PBXNativeTarget;
			buildConfigurationList = 476DE21F1D56D71E00FD0A03 /* Build configuration list for PBXNativeTarget "Balloon_Tracking" */;
			buildPhases = (
				476DE2141D56D71E00FD0A03 /* Sources */,
				476DE2151D56D71E00FD0A03 /* Frameworks */,
				476DE2161D56D71E00FD0A03 /* CopyFiles */,
			);
			buildRules = (
			);
			dependencies = (
			);
			name = Balloon_Tracking;
			productName = Balloon_Tracking;
			productReference = 476DE2181D56D71E00FD0A03 /* Balloon_Tracking */;
			productType = "com.apple.product-type.tool";
		};
/* End PBXNativeTarget section */

/* Begin PBXProject section */
		476DE2101D56D71E00FD0A03 /* Project object */ = {
			isa = PBXProject;
			attributes = {
				LastUpgradeCheck = 0730;
				ORGANIZATIONNAME = "Dar Mehta";
				TargetAttributes = {
					476DE2171D56D71E00FD0A03 = {
						CreatedOnToolsVersion = 7.3.1;
					};
				};
			};
			buildConfigurationList = 476DE2131D56D71E00FD0A03 /* Build configuration list for PBXProject "Balloon_Tracking" */;
			compatibilityVersion = "Xcode 3.2";
			developmentRegion = English;
			hasScannedForEncodings = 0;
			knownRegions = (
				en,
			);
			mainGroup = 476DE20F1D56D71E00FD0A03;
			productRefGroup = 476DE2191D56D71E00FD0A03 /* Products */;
			projectDirPath = "";
			projectRoot = "";
			targets = (
				476DE2171D56D71E00FD0A03 /* Balloon_Tracking */,
			);
		};
/* End PBXProject section */

/* Begin PBXSourcesBuildPhase section */
		476DE2141D56D71E00FD0A03 /* Sources */ = {
			isa = PBXSourcesBuildPhase;
			buildActionMask = 2147483647;
			files = (
				476DE21C1D56D71E00FD0A03 /* main.cpp in Sources */,
				476DE2231D570BD000FD0A03 /* test.cpp in Sources */,
			);
			runOnlyForDeploymentPostprocessing = 0;
		};
/* End PBXSourcesBuildPhase section */

/* Begin XCBuildConfiguration section */
		476DE21D1D56D71E00FD0A03 /* Debug */ = {
			isa = XCBuildConfiguration;
			buildSettings = {
				ALWAYS_SEARCH_USER_PATHS = YES;
				CLANG_ANALYZER_NONNULL = YES;
				CLANG_CXX_LANGUAGE_STANDARD = "gnu++0x";
				CLANG_CXX_LIBRARY = "libc++";
				CLANG_ENABLE_MODULES = YES;
				CLANG_ENABLE_OBJC_ARC = YES;
				CLANG_WARN_BOOL_CONVERSION = YES;
				CLANG_WARN_CONSTANT_CONVERSION = YES;
				CLANG_WARN_DIRECT_OBJC_ISA_USAGE = YES_ERROR;
				CLANG_WARN_EMPTY_BODY = YES;
				CLANG_WARN_ENUM_CONVERSION = YES;
				CLANG_WARN_INT_CONVERSION = YES;
				CLANG_WARN_OBJC_ROOT_CLASS = YES_ERROR;
				CLANG_WARN_UNREACHABLE_CODE = YES;
				CLANG_WARN__DUPLICATE_METHOD_MATCH = YES;
				CODE_SIGN_IDENTITY = "-";
				COPY_PHASE_STRIP = NO;
				DEBUG_INFORMATION_FORMAT = dwarf;
				ENABLE_STRICT_OBJC_MSGSEND = YES;
				ENABLE_TESTABILITY = YES;
				FRAMEWORK_SEARCH_PATHS = "/usr/local/include/**";
				GCC_C_LANGUAGE_STANDARD = gnu99;
				GCC_DYNAMIC_NO_PIC = NO;
				GCC_NO_COMMON_BLOCKS = YES;
				GCC_OPTIMIZATION_LEVEL = 0;
				GCC_PREPROCESSOR_DEFINITIONS = (
					"DEBUG=1",
					"$(inherited)",
				);
				GCC_WARN_64_TO_32_BIT_CONVERSION = YES;
				GCC_WARN_ABOUT_RETURN_TYPE = YES_ERROR;
				GCC_WARN_UNDECLARED_SELECTOR = YES;
				GCC_WARN_UNINITIALIZED_AUTOS = YES_AGGRESSIVE;
				GCC_WARN_UNUSED_FUNCTION = YES;
				GCC_WARN_UNUSED_VARIABLE = YES;
				HEADER_SEARCH_PATHS = "/usr/local/include/**";
				MACOSX_DEPLOYMENT_TARGET = 10.11;
				MTL_ENABLE_DEBUG_INFO = YES;
				ONLY_ACTIVE_ARCH = YES;
				SDKROOT = macosx;
			};
			name = Debug;
		};
		476DE21E1D56D71E00FD0A03 /* Release */ = {
			isa = XCBuildConfiguration;
			buildSettings = {
				ALWAYS_SEARCH_USER_PATHS = YES;
				CLANG_ANALYZER_NONNULL = YES;
				CLANG_CXX_LANGUAGE_STANDARD = "gnu++0x";
				CLANG_CXX_LIBRARY = "libc++";
				CLANG_ENABLE_MODULES = YES;
				CLANG_ENABLE_OBJC_ARC = YES;
				CLANG_WARN_BOOL_CONVERSION = YES;
				CLANG_WARN_CONSTANT_CONVERSION = YES;
				CLANG_WARN_DIRECT_OBJC_ISA_USAGE = YES_ERROR;
				CLANG_WARN_EMPTY_BODY = YES;
				CLANG_WARN_ENUM_CONVERSION = YES;
				CLANG_WARN_INT_CONVERSION = YES;
				CLANG_WARN_OBJC_ROOT_CLASS = YES_ERROR;
				CLANG_WARN_UNREACHABLE_CODE = YES;
				CLANG_WARN__DUPLICATE_METHOD_MATCH = YES;
				CODE_SIGN_IDENTITY = "-";
				COPY_PHASE_STRIP = NO;
				DEBUG_INFORMATION_FORMAT = "dwarf-with-dsym";
				ENABLE_NS_ASSERTIONS = NO;
				ENABLE_STRICT_OBJC_MSGSEND = YES;
				FRAMEWORK_SEARCH_PATHS = "/usr/local/include/**";
				GCC_C_LANGUAGE_STANDARD = gnu99;
				GCC_NO_COMMON_BLOCKS = YES;
				GCC_WARN_64_TO_32_BIT_CONVERSION = YES;
				GCC_WARN_ABOUT_RETURN_TYPE = YES_ERROR;
				GCC_WARN_UNDECLARED_SELECTOR = YES;
				GCC_WARN_UNINITIALIZED_AUTOS = YES_AGGRESSIVE;
				GCC_WARN_UNUSED_FUNCTION = YES;
				GCC_WARN_UNUSED_VARIABLE = YES;
				HEADER_SEARCH_PATHS = "/usr/local/include/**";
				MACOSX_DEPLOYMENT_TARGET = 10.11;
				MTL_ENABLE_DEBUG_INFO = NO;
				SDKROOT = macosx;
			};
			name = Release;
		};
		476DE2201D56D71E00FD0A03 /* Debug */ = {
			isa = XCBuildConfiguration;
			buildSettings = {
				ALWAYS_SEARCH_USER_PATHS = YES;
				FRAMEWORK_SEARCH_PATHS = "/usr/local/include/**";
				HEADER_SEARCH_PATHS = "/usr/local/include/**";
				PRODUCT_NAME = "$(TARGET_NAME)";
			};
			name = Debug;
		};
		476DE2211D56D71E00FD0A03 /* Release */ = {
			isa = XCBuildConfiguration;
			buildSettings = {
				ALWAYS_SEARCH_USER_PATHS = YES;
				FRAMEWORK_SEARCH_PATHS = "/usr/local/include/**";
				HEADER_SEARCH_PATHS = "/usr/local/include/**";
				PRODUCT_NAME = "$(TARGET_NAME)";
			};
			name = Release;
		};
/* End XCBuildConfiguration section */

/* Begin XCConfigurationList section */
		476DE2131D56D71E00FD0A03 /* Build configuration list for PBXProject "Balloon_Tracking" */ = {
			isa = XCConfigurationList;
			buildConfigurations = (
				476DE21D1D56D71E00FD0A03 /* Debug */,
				476DE21E1D56D71E00FD0A03 /* Release */,
			);
			defaultConfigurationIsVisible = 0;
			defaultConfigurationName = Release;
		};
		476DE21F1D56D71E00FD0A03 /* Build configuration list for PBXNativeTarget "Balloon_Tracking" */ = {
			isa = XCConfigurationList;
			buildConfigurations = (
				476DE2201D56D71E00FD0A03 /* Debug */,
				476DE2211D56D71E00FD0A03 /* Release */,
			);
			defaultConfigurationIsVisible = 0;
		};
/* End XCConfigurationList section */
	};
	rootObject = 476DE2101D56D71E00FD0A03 /* Project object */;
}
